
Microsoft Visual Studio Solution File, Format Version 12.00
# Visual Studio Version 16
VisualStudioVersion = 16.0.30320.27
MinimumVisualStudioVersion = 10.0.40219.1
Project("{FAE04EC0-301F-11D3-BF4B-00C04F79EFBC}") = "WineAPI", "WineAPI\WineAPI.csproj", "{EA2806AE-F7C6-4A05-ABC9-14602CE8F591}"
EndProject
Global
	GlobalSection(SolutionConfigurationPlatforms) = preSolution
		Debug|Any CPU = Debug|Any CPU
		Release|Any CPU = Release|Any CPU
	EndGlobalSection
	GlobalSection(ProjectConfigurationPlatforms) = postSolution
		{EA2806AE-F7C6-4A05-ABC9-14602CE8F591}.Debug|Any CPU.ActiveCfg = Debug|Any CPU
		{EA2806AE-F7C6-4A05-ABC9-14602CE8F591}.Debug|Any CPU.Build.0 = Debug|Any CPU
		{EA2806AE-F7C6-4A05-ABC9-14602CE8F591}.Release|Any CPU.ActiveCfg = Release|Any CPU
		{EA2806AE-F7C6-4A05-ABC9-14602CE8F591}.Release|Any CPU.Build.0 = Release|Any CPU
	EndGlobalSection
	GlobalSection(SolutionProperties) = preSolution
		HideSolutionNode = FALSE
	EndGlobalSection
	GlobalSection(ExtensibilityGlobals) = postSolution
		SolutionGuid = {65F5A991-0CF7-42FE-98AC-1E9081EFB87C}
	EndGlobalSection
EndGlobal
